
Microsoft Visual Studio Solution File, Format Version 12.00
# Visual Studio 2012
Project("{8BC9CEB8-8B4A-11D0-8D11-00A0C91BC942}") = "Beep", "Beep\Beep.vcxproj", "{551DC4B9-9BA5-4A6C-8E92-21CE5AFDC831}"
EndProject
Project("{F184B08F-C81C-45F6-A57F-5ABD9991F28F}") = "Tester", "Tester\Tester.vbproj", "{22F47538-F7AB-4681-AE20-0526076DBD8E}"
EndProject
Global
	GlobalSection(SolutionConfigurationPlatforms) = preSolution
		Debug|Any CPU = Debug|Any CPU
		Debug|Mixed Platforms = Debug|Mixed Platforms
		Debug|Win32 = Debug|Win32
		Release|Any CPU = Release|Any CPU
		Release|Mixed Platforms = Release|Mixed Platforms
		Release|Win32 = Release|Win32
	EndGlobalSection
	GlobalSection(ProjectConfigurationPlatforms) = postSolution
		{551DC4B9-9BA5-4A6C-8E92-21CE5AFDC831}.Debug|Any CPU.ActiveCfg = Debug|Win32
		{551DC4B9-9BA5-4A6C-8E92-21CE5AFDC831}.Debug|Mixed Platforms.ActiveCfg = Debug|Win32
		{551DC4B9-9BA5-4A6C-8E92-21CE5AFDC831}.Debug|Mixed Platforms.Build.0 = Debug|Win32
		{551DC4B9-9BA5-4A6C-8E92-21CE5AFDC831}.Debug|Win32.ActiveCfg = Debug|Win32
		{551DC4B9-9BA5-4A6C-8E92-21CE5AFDC831}.Debug|Win32.Build.0 = Debug|Win32
		{551DC4B9-9BA5-4A6C-8E92-21CE5AFDC831}.Release|Any CPU.ActiveCfg = Release|Win32
		{551DC4B9-9BA5-4A6C-8E92-21CE5AFDC831}.Release|Mixed Platforms.ActiveCfg = Release|Win32
		{551DC4B9-9BA5-4A6C-8E92-21CE5AFDC831}.Release|Mixed Platforms.Build.0 = Release|Win32
		{551DC4B9-9BA5-4A6C-8E92-21CE5AFDC831}.Release|Win32.ActiveCfg = Release|Win32
		{551DC4B9-9BA5-4A6C-8E92-21CE5AFDC831}.Release|Win32.Build.0 = Release|Win32
		{22F47538-F7AB-4681-AE20-0526076DBD8E}.Debug|Any CPU.ActiveCfg = Debug|Any CPU
		{22F47538-F7AB-4681-AE20-0526076DBD8E}.Debug|Any CPU.Build.0 = Debug|Any CPU
		{22F47538-F7AB-4681-AE20-0526076DBD8E}.Debug|Mixed Platforms.ActiveCfg = Debug|Any CPU
		{22F47538-F7AB-4681-AE20-0526076DBD8E}.Debug|Mixed Platforms.Build.0 = Debug|Any CPU
		{22F47538-F7AB-4681-AE20-0526076DBD8E}.Debug|Win32.ActiveCfg = Debug|Any CPU
		{22F47538-F7AB-4681-AE20-0526076DBD8E}.Release|Any CPU.ActiveCfg = Release|Any CPU
		{22F47538-F7AB-4681-AE20-0526076DBD8E}.Release|Any CPU.Build.0 = Release|Any CPU
		{22F47538-F7AB-4681-AE20-0526076DBD8E}.Release|Mixed Platforms.ActiveCfg = Release|Any CPU
		{22F47538-F7AB-4681-AE20-0526076DBD8E}.Release|Mixed Platforms.Build.0 = Release|Any CPU
		{22F47538-F7AB-4681-AE20-0526076DBD8E}.Release|Win32.ActiveCfg = Release|Any CPU
	EndGlobalSection
	GlobalSection(SolutionProperties) = preSolution
		HideSolutionNode = FALSE
	EndGlobalSection
EndGlobal
